
Microsoft Visual Studio Solution File, Format Version 12.00
# Visual Studio Version 17
VisualStudioVersion = 17.3.32804.467
MinimumVisualStudioVersion = 10.0.40219.1
Project("{F184B08F-C81C-45F6-A57F-5ABD9991F28F}") = "1 EjercicioAdicional 3", "1 EjercicioAdicional 3\1 EjercicioAdicional 3.vbproj", "{E60D812F-3596-4E0C-91AC-1A1DC8720274}"
EndProject
Global
	GlobalSection(SolutionConfigurationPlatforms) = preSolution
		Debug|Any CPU = Debug|Any CPU
		Release|Any CPU = Release|Any CPU
	EndGlobalSection
	GlobalSection(ProjectConfigurationPlatforms) = postSolution
		{E60D812F-3596-4E0C-91AC-1A1DC8720274}.Debug|Any CPU.ActiveCfg = Debug|Any CPU
		{E60D812F-3596-4E0C-91AC-1A1DC8720274}.Debug|Any CPU.Build.0 = Debug|Any CPU
		{E60D812F-3596-4E0C-91AC-1A1DC8720274}.Release|Any CPU.ActiveCfg = Release|Any CPU
		{E60D812F-3596-4E0C-91AC-1A1DC8720274}.Release|Any CPU.Build.0 = Release|Any CPU
	EndGlobalSection
	GlobalSection(SolutionProperties) = preSolution
		HideSolutionNode = FALSE
	EndGlobalSection
	GlobalSection(ExtensibilityGlobals) = postSolution
		SolutionGuid = {BEAF2FD2-B802-4142-8999-01204A91DD56}
	EndGlobalSection
EndGlobal
