
Microsoft Visual Studio Solution File, Format Version 12.00
# Visual Studio Version 17
VisualStudioVersion = 17.3.32804.467
MinimumVisualStudioVersion = 10.0.40219.1
Project("{F184B08F-C81C-45F6-A57F-5ABD9991F28F}") = "1.2 Instrucciones basicas VB", "1.2 Instrucciones basicas VB\1.2 Instrucciones basicas VB.vbproj", "{F4D0E85E-9473-4931-B7ED-8AF23C64FC2C}"
EndProject
Global
	GlobalSection(SolutionConfigurationPlatforms) = preSolution
		Debug|Any CPU = Debug|Any CPU
		Release|Any CPU = Release|Any CPU
	EndGlobalSection
	GlobalSection(ProjectConfigurationPlatforms) = postSolution
		{F4D0E85E-9473-4931-B7ED-8AF23C64FC2C}.Debug|Any CPU.ActiveCfg = Debug|Any CPU
		{F4D0E85E-9473-4931-B7ED-8AF23C64FC2C}.Debug|Any CPU.Build.0 = Debug|Any CPU
		{F4D0E85E-9473-4931-B7ED-8AF23C64FC2C}.Release|Any CPU.ActiveCfg = Release|Any CPU
		{F4D0E85E-9473-4931-B7ED-8AF23C64FC2C}.Release|Any CPU.Build.0 = Release|Any CPU
	EndGlobalSection
	GlobalSection(SolutionProperties) = preSolution
		HideSolutionNode = FALSE
	EndGlobalSection
	GlobalSection(ExtensibilityGlobals) = postSolution
		SolutionGuid = {3EC0863B-0F92-435A-8308-A92FBB8DB9BE}
	EndGlobalSection
EndGlobal
